// !$*UTF8*$!
{
	archiveVersion = 1;
	classes = {
	};
	objectVersion = 46;
	objects = {

/* Begin PBXBuildFile section */
		78688F491F264AC10014E5F2 /* AppDelegate.swift in Sources */ = {isa = PBXBuildFile; fileRef = 78688F481F264AC10014E5F2 /* AppDelegate.swift */; };
		78688F4B1F264AC10014E5F2 /* ViewController.swift in Sources */ = {isa = PBXBuildFile; fileRef = 78688F4A1F264AC10014E5F2 /* ViewController.swift */; };
		78688F4E1F264AC20014E5F2 /* Main.storyboard in Resources */ = {isa = PBXBuildFile; fileRef = 78688F4C1F264AC20014E5F2 /* Main.storyboard */; };
		78688F501F264AC20014E5F2 /* Assets.xcassets in Resources */ = {isa = PBXBuildFile; fileRef = 78688F4F1F264AC20014E5F2 /* Assets.xcassets */; };
		78688F531F264AC20014E5F2 /* LaunchScreen.storyboard in Resources */ = {isa = PBXBuildFile; fileRef = 78688F511F264AC20014E5F2 /* LaunchScreen.storyboard */; };
		78688F5E1F264AC20014E5F2 /* TestAETests.swift in Sources */ = {isa = PBXBuildFile; fileRef = 78688F5D1F264AC20014E5F2 /* TestAETests.swift */; };
		78688F691F264AC20014E5F2 /* TestAEUITests.swift in Sources */ = {isa = PBXBuildFile; fileRef = 78688F681F264AC20014E5F2 /* TestAEUITests.swift */; };
/* End PBXBuildFile section */

/* Begin PBXContainerItemProxy section */
		78688F5A1F264AC20014E5F2 /* PBXContainerItemProxy */ = {
			isa = PBXContainerItemProxy;
			containerPortal = 78688F3D1F264AC10014E5F2 /* Project object */;
			proxyType = 1;
			remoteGlobalIDString = 78688F441F264AC10014E5F2;
			remoteInfo = TestAE;
		};
		78688F651F264AC20014E5F2 /* PBXContainerItemProxy */ = {
			isa = PBXContainerItemProxy;
			containerPortal = 78688F3D1F264AC10014E5F2 /* Project object */;
			proxyType = 1;
			remoteGlobalIDString = 78688F441F264AC10014E5F2;
			remoteInfo = TestAE;
		};
/* End PBXContainerItemProxy section */

/* Begin PBXFileReference section */
		78688F451F264AC10014E5F2 /* TestAE.app */ = {isa = PBXFileReference; explicitFileType = wrapper.application; includeInIndex = 0; path = TestAE.app; sourceTree = BUILT_PRODUCTS_DIR; };
		78688F481F264AC10014E5F2 /* AppDelegate.swift */ = {isa = PBXFileReference; lastKnownFileType = sourcecode.swift; path = AppDelegate.swift; sourceTree = "<group>"; };
		78688F4A1F264AC10014E5F2 /* ViewController.swift */ = {isa = PBXFileReference; lastKnownFileType = sourcecode.swift; path = ViewController.swift; sourceTree = "<group>"; };
		78688F4D1F264AC20014E5F2 /* Base */ = {isa = PBXFileReference; lastKnownFileType = file.storyboard; name = Base; path = Base.lproj/Main.storyboard; sourceTree = "<group>"; };
		78688F4F1F264AC20014E5F2 /* Assets.xcassets */ = {isa = PBXFileReference; lastKnownFileType = folder.assetcatalog; path = Assets.xcassets; sourceTree = "<group>"; };
		78688F521F264AC20014E5F2 /* Base */ = {isa = PBXFileReference; lastKnownFileType = file.storyboard; name = Base; path = Base.lproj/LaunchScreen.storyboard; sourceTree = "<group>"; };
		78688F541F264AC20014E5F2 /* Info.plist */ = {isa = PBXFileReference; lastKnownFileType = text.plist.xml; path = Info.plist; sourceTree = "<group>"; };
		78688F591F264AC20014E5F2 /* TestAETests.xctest */ = {isa = PBXFileReference; explicitFileType = wrapper.cfbundle; includeInIndex = 0; path = TestAETests.xctest; sourceTree = BUILT_PRODUCTS_DIR; };
		78688F5D1F264AC20014E5F2 /* TestAETests.swift */ = {isa = PBXFileReference; lastKnownFileType = sourcecode.swift; path = TestAETests.swift; sourceTree = "<group>"; };
		78688F5F1F264AC20014E5F2 /* Info.plist */ = {isa = PBXFileReference; lastKnownFileType = text.plist.xml; path = Info.plist; sourceTree = "<group>"; };
		78688F641F264AC20014E5F2 /* TestAEUITests.xctest */ = {isa = PBXFileReference; explicitFileType = wrapper.cfbundle; includeInIndex = 0; path = TestAEUITests.xctest; sourceTree = BUILT_PRODUCTS_DIR; };
		78688F681F264AC20014E5F2 /* TestAEUITests.swift */ = {isa = PBXFileReference; lastKnownFileType = sourcecode.swift; path = TestAEUITests.swift; sourceTree = "<group>"; };
		78688F6A1F264AC20014E5F2 /* Info.plist */ = {isa = PBXFileReference; lastKnownFileType = text.plist.xml; path = Info.plist; sourceTree = "<group>"; };
/* End PBXFileReference section */

/* Begin PBXFrameworksBuildPhase section */
		78688F421F264AC10014E5F2 /* Frameworks */ = {
			isa = PBXFrameworksBuildPhase;
			buildActionMask = 2147483647;
			files = (
			);
			runOnlyForDeploymentPostprocessing = 0;
		};
		78688F561F264AC20014E5F2 /* Frameworks */ = {
			isa = PBXFrameworksBuildPhase;
			buildActionMask = 2147483647;
			files = (
			);
			runOnlyForDeploymentPostprocessing = 0;
		};
		78688F611F264AC20014E5F2 /* Frameworks */ = {
			isa = PBXFrameworksBuildPhase;
			buildActionMask = 2147483647;
			files = (
			);
			runOnlyForDeploymentPostprocessing = 0;
		};
/* End PBXFrameworksBuildPhase section */

/* Begin PBXGroup section */
		78688F3C1F264AC10014E5F2 = {
			isa = PBXGroup;
			children = (
				78688F471F264AC10014E5F2 /* TestAE */,
				78688F5C1F264AC20014E5F2 /* TestAETests */,
				78688F671F264AC20014E5F2 /* TestAEUITests */,
				78688F461F264AC10014E5F2 /* Products */,
			);
			sourceTree = "<group>";
		};
		78688F461F264AC10014E5F2 /* Products */ = {
			isa = PBXGroup;
			children = (
				78688F451F264AC10014E5F2 /* TestAE.app */,
				78688F591F264AC20014E5F2 /* TestAETests.xctest */,
				78688F641F264AC20014E5F2 /* TestAEUITests.xctest */,
			);
			name = Products;
			sourceTree = "<group>";
		};
		78688F471F264AC10014E5F2 /* TestAE */ = {
			isa = PBXGroup;
			children = (
				78688F481F264AC10014E5F2 /* AppDelegate.swift */,
				78688F4A1F264AC10014E5F2 /* ViewController.swift */,
				78688F4C1F264AC20014E5F2 /* Main.storyboard */,
				78688F4F1F264AC20014E5F2 /* Assets.xcassets */,
				78688F511F264AC20014E5F2 /* LaunchScreen.storyboard */,
				78688F541F264AC20014E5F2 /* Info.plist */,
			);
			path = TestAE;
			sourceTree = "<group>";
		};
		78688F5C1F264AC20014E5F2 /* TestAETests */ = {
			isa = PBXGroup;
			children = (
				78688F5D1F264AC20014E5F2 /* TestAETests.swift */,
				78688F5F1F264AC20014E5F2 /* Info.plist */,
			);
			path = TestAETests;
			sourceTree = "<group>";
		};
		78688F671F264AC20014E5F2 /* TestAEUITests */ = {
			isa = PBXGroup;
			children = (
				78688F681F264AC20014E5F2 /* TestAEUITests.swift */,
				78688F6A1F264AC20014E5F2 /* Info.plist */,
			);
			path = TestAEUITests;
			sourceTree = "<group>";
		};
/* End PBXGroup section */

/* Begin PBXNativeTarget section */
		78688F441F264AC10014E5F2 /* TestAE */ = {
			isa = PBXNativeTarget;
			buildConfigurationList = 78688F6D1F264AC20014E5F2 /* Build configuration list for PBXNativeTarget "TestAE" */;
			buildPhases = (
				78688F411F264AC10014E5F2 /* Sources */,
				78688F421F264AC10014E5F2 /* Frameworks */,
				78688F431F264AC10014E5F2 /* Resources */,
			);
			buildRules = (
			);
			dependencies = (
			);
			name = TestAE;
			productName = TestAE;
			productReference = 78688F451F264AC10014E5F2 /* TestAE.app */;
			productType = "com.apple.product-type.application";
		};
		78688F581F264AC20014E5F2 /* TestAETests */ = {
			isa = PBXNativeTarget;
			buildConfigurationList = 78688F701F264AC20014E5F2 /* Build configuration list for PBXNativeTarget "TestAETests" */;
			buildPhases = (
				78688F551F264AC20014E5F2 /* Sources */,
				78688F561F264AC20014E5F2 /* Frameworks */,
				78688F571F264AC20014E5F2 /* Resources */,
			);
			buildRules = (
			);
			dependencies = (
				78688F5B1F264AC20014E5F2 /* PBXTargetDependency */,
			);
			name = TestAETests;
			productName = TestAETests;
			productReference = 78688F591F264AC20014E5F2 /* TestAETests.xctest */;
			productType = "com.apple.product-type.bundle.unit-test";
		};
		78688F631F264AC20014E5F2 /* TestAEUITests */ = {
			isa = PBXNativeTarget;
			buildConfigurationList = 78688F731F264AC20014E5F2 /* Build configuration list for PBXNativeTarget "TestAEUITests" */;
			buildPhases = (
				78688F601F264AC20014E5F2 /* Sources */,
				78688F611F264AC20014E5F2 /* Frameworks */,
				78688F621F264AC20014E5F2 /* Resources */,
			);
			buildRules = (
			);
			dependencies = (
				78688F661F264AC20014E5F2 /* PBXTargetDependency */,
			);
			name = TestAEUITests;
			productName = TestAEUITests;
			productReference = 78688F641F264AC20014E5F2 /* TestAEUITests.xctest */;
			productType = "com.apple.product-type.bundle.ui-testing";
		};
/* End PBXNativeTarget section */

/* Begin PBXProject section */
		78688F3D1F264AC10014E5F2 /* Project object */ = {
			isa = PBXProject;
			attributes = {
				LastSwiftUpdateCheck = 0830;
				LastUpgradeCheck = 0830;
				ORGANIZATIONNAME = "Dima Gubatenko";
				TargetAttributes = {
					78688F441F264AC10014E5F2 = {
						CreatedOnToolsVersion = 8.3.3;
						ProvisioningStyle = Automatic;
					};
					78688F581F264AC20014E5F2 = {
						CreatedOnToolsVersion = 8.3.3;
						ProvisioningStyle = Automatic;
						TestTargetID = 78688F441F264AC10014E5F2;
					};
					78688F631F264AC20014E5F2 = {
						CreatedOnToolsVersion = 8.3.3;
						ProvisioningStyle = Automatic;
						TestTargetID = 78688F441F264AC10014E5F2;
					};
				};
			};
			buildConfigurationList = 78688F401F264AC10014E5F2 /* Build configuration list for PBXProject "TestAE" */;
			compatibilityVersion = "Xcode 3.2";
			developmentRegion = English;
			hasScannedForEncodings = 0;
			knownRegions = (
				en,
				Base,
			);
			mainGroup = 78688F3C1F264AC10014E5F2;
			productRefGroup = 78688F461F264AC10014E5F2 /* Products */;
			projectDirPath = "";
			projectRoot = "";
			targets = (
				78688F441F264AC10014E5F2 /* TestAE */,
				78688F581F264AC20014E5F2 /* TestAETests */,
				78688F631F264AC20014E5F2 /* TestAEUITests */,
			);
		};
/* End PBXProject section */

/* Begin PBXResourcesBuildPhase section */
		78688F431F264AC10014E5F2 /* Resources */ = {
			isa = PBXResourcesBuildPhase;
			buildActionMask = 2147483647;
			files = (
				78688F531F264AC20014E5F2 /* LaunchScreen.storyboard in Resources */,
				78688F501F264AC20014E5F2 /* Assets.xcassets in Resources */,
				78688F4E1F264AC20014E5F2 /* Main.storyboard in Resources */,
			);
			runOnlyForDeploymentPostprocessing = 0;
		};
		78688F571F264AC20014E5F2 /* Resources */ = {
			isa = PBXResourcesBuildPhase;
			buildActionMask = 2147483647;
			files = (
			);
			runOnlyForDeploymentPostprocessing = 0;
		};
		78688F621F264AC20014E5F2 /* Resources */ = {
			isa = PBXResourcesBuildPhase;
			buildActionMask = 2147483647;
			files = (
			);
			runOnlyForDeploymentPostprocessing = 0;
		};
/* End PBXResourcesBuildPhase section */

/* Begin PBXSourcesBuildPhase section */
		78688F411F264AC10014E5F2 /* Sources */ = {
			isa = PBXSourcesBuildPhase;
			buildActionMask = 2147483647;
			files = (
				78688F4B1F264AC10014E5F2 /* ViewController.swift in Sources */,
				78688F491F264AC10014E5F2 /* AppDelegate.swift in Sources */,
			);
			runOnlyForDeploymentPostprocessing = 0;
		};
		78688F551F264AC20014E5F2 /* Sources */ = {
			isa = PBXSourcesBuildPhase;
			buildActionMask = 2147483647;
			files = (
				78688F5E1F264AC20014E5F2 /* TestAETests.swift in Sources */,
			);
			runOnlyForDeploymentPostprocessing = 0;
		};
		78688F601F264AC20014E5F2 /* Sources */ = {
			isa = PBXSourcesBuildPhase;
			buildActionMask = 2147483647;
			files = (
				78688F691F264AC20014E5F2 /* TestAEUITests.swift in Sources */,
			);
			runOnlyForDeploymentPostprocessing = 0;
		};
/* End PBXSourcesBuildPhase section */

/* Begin PBXTargetDependency section */
		78688F5B1F264AC20014E5F2 /* PBXTargetDependency */ = {
			isa = PBXTargetDependency;
			target = 78688F441F264AC10014E5F2 /* TestAE */;
			targetProxy = 78688F5A1F264AC20014E5F2 /* PBXContainerItemProxy */;
		};
		78688F661F264AC20014E5F2 /* PBXTargetDependency */ = {
			isa = PBXTargetDependency;
			target = 78688F441F264AC10014E5F2 /* TestAE */;
			targetProxy = 78688F651F264AC20014E5F2 /* PBXContainerItemProxy */;
		};
/* End PBXTargetDependency section */

/* Begin PBXVariantGroup section */
		78688F4C1F264AC20014E5F2 /* Main.storyboard */ = {
			isa = PBXVariantGroup;
			children = (
				78688F4D1F264AC20014E5F2 /* Base */,
			);
			name = Main.storyboard;
			sourceTree = "<group>";
		};
		78688F511F264AC20014E5F2 /* LaunchScreen.storyboard */ = {
			isa = PBXVariantGroup;
			children = (
				78688F521F264AC20014E5F2 /* Base */,
			);
			name = LaunchScreen.storyboard;
			sourceTree = "<group>";
		};
/* End PBXVariantGroup section */

/* Begin XCBuildConfiguration section */
		78688F6B1F264AC20014E5F2 /* Debug */ = {
			isa = XCBuildConfiguration;
			buildSettings = {
				ALWAYS_SEARCH_USER_PATHS = NO;
				CLANG_ANALYZER_NONNULL = YES;
				CLANG_ANALYZER_NUMBER_OBJECT_CONVERSION = YES_AGGRESSIVE;
				CLANG_CXX_LANGUAGE_STANDARD = "gnu++0x";
				CLANG_CXX_LIBRARY = "libc++";
				CLANG_ENABLE_MODULES = YES;
				CLANG_ENABLE_OBJC_ARC = YES;
				CLANG_WARN_BOOL_CONVERSION = YES;
				CLANG_WARN_CONSTANT_CONVERSION = YES;
				CLANG_WARN_DIRECT_OBJC_ISA_USAGE = YES_ERROR;
				CLANG_WARN_DOCUMENTATION_COMMENTS = YES;
				CLANG_WARN_EMPTY_BODY = YES;
				CLANG_WARN_ENUM_CONVERSION = YES;
				CLANG_WARN_INFINITE_RECURSION = YES;
				CLANG_WARN_INT_CONVERSION = YES;
				CLANG_WARN_OBJC_ROOT_CLASS = YES_ERROR;
				CLANG_WARN_SUSPICIOUS_MOVE = YES;
				CLANG_WARN_UNREACHABLE_CODE = YES;
				CLANG_WARN__DUPLICATE_METHOD_MATCH = YES;
				"CODE_SIGN_IDENTITY[sdk=iphoneos*]" = "iPhone Developer";
				COPY_PHASE_STRIP = NO;
				DEBUG_INFORMATION_FORMAT = dwarf;
				ENABLE_STRICT_OBJC_MSGSEND = YES;
				ENABLE_TESTABILITY = YES;
				GCC_C_LANGUAGE_STANDARD = gnu99;
				GCC_DYNAMIC_NO_PIC = NO;
				GCC_NO_COMMON_BLOCKS = YES;
				GCC_OPTIMIZATION_LEVEL = 0;
				GCC_PREPROCESSOR_DEFINITIONS = (
					"DEBUG=1",
					"$(inherited)",
				);
				GCC_WARN_64_TO_32_BIT_CONVERSION = YES;
				GCC_WARN_ABOUT_RETURN_TYPE = YES_ERROR;
				GCC_WARN_UNDECLARED_SELECTOR = YES;
				GCC_WARN_UNINITIALIZED_AUTOS = YES_AGGRESSIVE;
				GCC_WARN_UNUSED_FUNCTION = YES;
				GCC_WARN_UNUSED_VARIABLE = YES;
				IPHONEOS_DEPLOYMENT_TARGET = 10.3;
				MTL_ENABLE_DEBUG_INFO = YES;
				ONLY_ACTIVE_ARCH = YES;
				SDKROOT = iphoneos;
				SWIFT_ACTIVE_COMPILATION_CONDITIONS = DEBUG;
				SWIFT_OPTIMIZATION_LEVEL = "-Onone";
			};
			name = Debug;
		};
		78688F6C1F264AC20014E5F2 /* Release */ = {
			isa = XCBuildConfiguration;
			buildSettings = {
				ALWAYS_SEARCH_USER_PATHS = NO;
				CLANG_ANALYZER_NONNULL = YES;
				CLANG_ANALYZER_NUMBER_OBJECT_CONVERSION = YES_AGGRESSIVE;
				CLANG_CXX_LANGUAGE_STANDARD = "gnu++0x";
				CLANG_CXX_LIBRARY = "libc++";
				CLANG_ENABLE_MODULES = YES;
				CLANG_ENABLE_OBJC_ARC = YES;
				CLANG_WARN_BOOL_CONVERSION = YES;
				CLANG_WARN_CONSTANT_CONVERSION = YES;
				CLANG_WARN_DIRECT_OBJC_ISA_USAGE = YES_ERROR;
				CLANG_WARN_DOCUMENTATION_COMMENTS = YES;
				CLANG_WARN_EMPTY_BODY = YES;
				CLANG_WARN_ENUM_CONVERSION = YES;
				CLANG_WARN_INFINITE_RECURSION = YES;
				CLANG_WARN_INT_CONVERSION = YES;
				CLANG_WARN_OBJC_ROOT_CLASS = YES_ERROR;
				CLANG_WARN_SUSPICIOUS_MOVE = YES;
				CLANG_WARN_UNREACHABLE_CODE = YES;
				CLANG_WARN__DUPLICATE_METHOD_MATCH = YES;
				"CODE_SIGN_IDENTITY[sdk=iphoneos*]" = "iPhone Developer";
				COPY_PHASE_STRIP = NO;
				DEBUG_INFORMATION_FORMAT = "dwarf-with-dsym";
				ENABLE_NS_ASSERTIONS = NO;
				ENABLE_STRICT_OBJC_MSGSEND = YES;
				GCC_C_LANGUAGE_STANDARD = gnu99;
				GCC_NO_COMMON_BLOCKS = YES;
				GCC_WARN_64_TO_32_BIT_CONVERSION = YES;
				GCC_WARN_ABOUT_RETURN_TYPE = YES_ERROR;
				GCC_WARN_UNDECLARED_SELECTOR = YES;
				GCC_WARN_UNINITIALIZED_AUTOS = YES_AGGRESSIVE;
				GCC_WARN_UNUSED_FUNCTION = YES;
				GCC_WARN_UNUSED_VARIABLE = YES;
				IPHONEOS_DEPLOYMENT_TARGET = 10.3;
				MTL_ENABLE_DEBUG_INFO = NO;
				SDKROOT = iphoneos;
				SWIFT_OPTIMIZATION_LEVEL = "-Owholemodule";
				VALIDATE_PRODUCT = YES;
			};
			name = Release;
		};
		78688F6E1F264AC20014E5F2 /* Debug */ = {
			isa = XCBuildConfiguration;
			buildSettings = {
				ASSETCATALOG_COMPILER_APPICON_NAME = AppIcon;
				INFOPLIST_FILE = TestAE/Info.plist;
				LD_RUNPATH_SEARCH_PATHS = "$(inherited) @executable_path/Frameworks";
				PRODUCT_BUNDLE_IDENTIFIER = test.ae.TestAE;
				PRODUCT_NAME = "$(TARGET_NAME)";
				SWIFT_VERSION = 3.0;
			};
			name = Debug;
		};
		78688F6F1F264AC20014E5F2 /* Release */ = {
			isa = XCBuildConfiguration;
			buildSettings = {
				ASSETCATALOG_COMPILER_APPICON_NAME = AppIcon;
				INFOPLIST_FILE = TestAE/Info.plist;
				LD_RUNPATH_SEARCH_PATHS = "$(inherited) @executable_path/Frameworks";
				PRODUCT_BUNDLE_IDENTIFIER = test.ae.TestAE;
				PRODUCT_NAME = "$(TARGET_NAME)";
				SWIFT_VERSION = 3.0;
			};
			name = Release;
		};
		78688F711F264AC20014E5F2 /* Debug */ = {
			isa = XCBuildConfiguration;
			buildSettings = {
				ALWAYS_EMBED_SWIFT_STANDARD_LIBRARIES = YES;
				BUNDLE_LOADER = "$(TEST_HOST)";
				INFOPLIST_FILE = TestAETests/Info.plist;
				LD_RUNPATH_SEARCH_PATHS = "$(inherited) @executable_path/Frameworks @loader_path/Frameworks";
				PRODUCT_BUNDLE_IDENTIFIER = test.ae.TestAETests;
				PRODUCT_NAME = "$(TARGET_NAME)";
				SWIFT_VERSION = 3.0;
				TEST_HOST = "$(BUILT_PRODUCTS_DIR)/TestAE.app/TestAE";
			};
			name = Debug;
		};
		78688F721F264AC20014E5F2 /* Release */ = {
			isa = XCBuildConfiguration;
			buildSettings = {
				ALWAYS_EMBED_SWIFT_STANDARD_LIBRARIES = YES;
				BUNDLE_LOADER = "$(TEST_HOST)";
				INFOPLIST_FILE = TestAETests/Info.plist;
				LD_RUNPATH_SEARCH_PATHS = "$(inherited) @executable_path/Frameworks @loader_path/Frameworks";
				PRODUCT_BUNDLE_IDENTIFIER = test.ae.TestAETests;
				PRODUCT_NAME = "$(TARGET_NAME)";
				SWIFT_VERSION = 3.0;
				TEST_HOST = "$(BUILT_PRODUCTS_DIR)/TestAE.app/TestAE";
			};
			name = Release;
		};
		78688F741F264AC20014E5F2 /* Debug */ = {
			isa = XCBuildConfiguration;
			buildSettings = {
				ALWAYS_EMBED_SWIFT_STANDARD_LIBRARIES = YES;
				INFOPLIST_FILE = TestAEUITests/Info.plist;
				LD_RUNPATH_SEARCH_PATHS = "$(inherited) @executable_path/Frameworks @loader_path/Frameworks";
				PRODUCT_BUNDLE_IDENTIFIER = test.ae.TestAEUITests;
				PRODUCT_NAME = "$(TARGET_NAME)";
				SWIFT_VERSION = 3.0;
				TEST_TARGET_NAME = TestAE;
			};
			name = Debug;
		};
		78688F751F264AC20014E5F2 /* Release */ = {
			isa = XCBuildConfiguration;
			buildSettings = {
				ALWAYS_EMBED_SWIFT_STANDARD_LIBRARIES = YES;
				INFOPLIST_FILE = TestAEUITests/Info.plist;
				LD_RUNPATH_SEARCH_PATHS = "$(inherited) @executable_path/Frameworks @loader_path/Frameworks";
				PRODUCT_BUNDLE_IDENTIFIER = test.ae.TestAEUITests;
				PRODUCT_NAME = "$(TARGET_NAME)";
				SWIFT_VERSION = 3.0;
				TEST_TARGET_NAME = TestAE;
			};
			name = Release;
		};
/* End XCBuildConfiguration section */

/* Begin XCConfigurationList section */
		78688F401F264AC10014E5F2 /* Build configuration list for PBXProject "TestAE" */ = {
			isa = XCConfigurationList;
			buildConfigurations = (
				78688F6B1F264AC20014E5F2 /* Debug */,
				78688F6C1F264AC20014E5F2 /* Release */,
			);
			defaultConfigurationIsVisible = 0;
			defaultConfigurationName = Release;
		};
		78688F6D1F264AC20014E5F2 /* Build configuration list for PBXNativeTarget "TestAE" */ = {
			isa = XCConfigurationList;
			buildConfigurations = (
				78688F6E1F264AC20014E5F2 /* Debug */,
				78688F6F1F264AC20014E5F2 /* Release */,
			);
			defaultConfigurationIsVisible = 0;
		};
		78688F701F264AC20014E5F2 /* Build configuration list for PBXNativeTarget "TestAETests" */ = {
			isa = XCConfigurationList;
			buildConfigurations = (
				78688F711F264AC20014E5F2 /* Debug */,
				78688F721F264AC20014E5F2 /* Release */,
			);
			defaultConfigurationIsVisible = 0;
		};
		78688F731F264AC20014E5F2 /* Build configuration list for PBXNativeTarget "TestAEUITests" */ = {
			isa = XCConfigurationList;
			buildConfigurations = (
				78688F741F264AC20014E5F2 /* Debug */,
				78688F751F264AC20014E5F2 /* Release */,
			);
			defaultConfigurationIsVisible = 0;
		};
/* End XCConfigurationList section */
	};
	rootObject = 78688F3D1F264AC10014E5F2 /* Project object */;
}
