// !$*UTF8*$!
{
	archiveVersion = 1;
	classes = {
	};
	objectVersion = 46;
	objects = {

/* Begin PBXBuildFile section */
		1E99749BAC3A92B1A7716161 /* Pods_TestAE.framework in Frameworks */ = {isa = PBXBuildFile; fileRef = EB245E319D476638E1DDEFD4 /* Pods_TestAE.framework */; };
		7802D6AA1F272A34002E9B49 /* RouteModel.swift in Sources */ = {isa = PBXBuildFile; fileRef = 7802D6A91F272A34002E9B49 /* RouteModel.swift */; };
		7802D6AD1F273669002E9B49 /* Server.swift in Sources */ = {isa = PBXBuildFile; fileRef = 7802D6AC1F273669002E9B49 /* Server.swift */; };
		781FFCAC1F264E1E003979AD /* Functions.swift in Sources */ = {isa = PBXBuildFile; fileRef = 781FFCAA1F264E1E003979AD /* Functions.swift */; };
		781FFCAD1F264E1E003979AD /* Storyboards.swift in Sources */ = {isa = PBXBuildFile; fileRef = 781FFCAB1F264E1E003979AD /* Storyboards.swift */; };
		781FFCAF1F266128003979AD /* UserDefaults.swift in Sources */ = {isa = PBXBuildFile; fileRef = 781FFCAE1F266128003979AD /* UserDefaults.swift */; };
		781FFCB21F26635A003979AD /* PlaceModel.swift in Sources */ = {isa = PBXBuildFile; fileRef = 781FFCB11F26635A003979AD /* PlaceModel.swift */; };
		78688F491F264AC10014E5F2 /* AppDelegate.swift in Sources */ = {isa = PBXBuildFile; fileRef = 78688F481F264AC10014E5F2 /* AppDelegate.swift */; };
		78688F4B1F264AC10014E5F2 /* Main.swift in Sources */ = {isa = PBXBuildFile; fileRef = 78688F4A1F264AC10014E5F2 /* Main.swift */; };
		78688F4E1F264AC20014E5F2 /* Main.storyboard in Resources */ = {isa = PBXBuildFile; fileRef = 78688F4C1F264AC20014E5F2 /* Main.storyboard */; };
		78688F501F264AC20014E5F2 /* Assets.xcassets in Resources */ = {isa = PBXBuildFile; fileRef = 78688F4F1F264AC20014E5F2 /* Assets.xcassets */; };
		78688F531F264AC20014E5F2 /* LaunchScreen.storyboard in Resources */ = {isa = PBXBuildFile; fileRef = 78688F511F264AC20014E5F2 /* LaunchScreen.storyboard */; };
		78688F5E1F264AC20014E5F2 /* TestAETests.swift in Sources */ = {isa = PBXBuildFile; fileRef = 78688F5D1F264AC20014E5F2 /* TestAETests.swift */; };
		93580A5447A496802D06DD1E /* Pods_TestAETests.framework in Frameworks */ = {isa = PBXBuildFile; fileRef = 25A7E57C5B59CAA27CA09226 /* Pods_TestAETests.framework */; };
/* End PBXBuildFile section */

/* Begin PBXContainerItemProxy section */
		78688F5A1F264AC20014E5F2 /* PBXContainerItemProxy */ = {
			isa = PBXContainerItemProxy;
			containerPortal = 78688F3D1F264AC10014E5F2 /* Project object */;
			proxyType = 1;
			remoteGlobalIDString = 78688F441F264AC10014E5F2;
			remoteInfo = TestAE;
		};
/* End PBXContainerItemProxy section */

/* Begin PBXFileReference section */
		136AA87A8230C56C365F1BF0 /* Pods-TestAE.debug.xcconfig */ = {isa = PBXFileReference; includeInIndex = 1; lastKnownFileType = text.xcconfig; name = "Pods-TestAE.debug.xcconfig"; path = "Pods/Target Support Files/Pods-TestAE/Pods-TestAE.debug.xcconfig"; sourceTree = "<group>"; };
		25A7E57C5B59CAA27CA09226 /* Pods_TestAETests.framework */ = {isa = PBXFileReference; explicitFileType = wrapper.framework; includeInIndex = 0; path = Pods_TestAETests.framework; sourceTree = BUILT_PRODUCTS_DIR; };
		36BC7CAF59F98E615CD6F60A /* Pods_TestAEUITests.framework */ = {isa = PBXFileReference; explicitFileType = wrapper.framework; includeInIndex = 0; path = Pods_TestAEUITests.framework; sourceTree = BUILT_PRODUCTS_DIR; };
		5ABFA4AB9B63E528FA4D544E /* Pods-TestAEUITests.debug.xcconfig */ = {isa = PBXFileReference; includeInIndex = 1; lastKnownFileType = text.xcconfig; name = "Pods-TestAEUITests.debug.xcconfig"; path = "Pods/Target Support Files/Pods-TestAEUITests/Pods-TestAEUITests.debug.xcconfig"; sourceTree = "<group>"; };
		6752B5F647CE14A04B0C74FB /* Pods-TestAETests.debug.xcconfig */ = {isa = PBXFileReference; includeInIndex = 1; lastKnownFileType = text.xcconfig; name = "Pods-TestAETests.debug.xcconfig"; path = "Pods/Target Support Files/Pods-TestAETests/Pods-TestAETests.debug.xcconfig"; sourceTree = "<group>"; };
		7802D6A91F272A34002E9B49 /* RouteModel.swift */ = {isa = PBXFileReference; fileEncoding = 4; lastKnownFileType = sourcecode.swift; path = RouteModel.swift; sourceTree = "<group>"; };
		7802D6AC1F273669002E9B49 /* Server.swift */ = {isa = PBXFileReference; fileEncoding = 4; lastKnownFileType = sourcecode.swift; path = Server.swift; sourceTree = "<group>"; };
		781FFCAA1F264E1E003979AD /* Functions.swift */ = {isa = PBXFileReference; fileEncoding = 4; lastKnownFileType = sourcecode.swift; path = Functions.swift; sourceTree = "<group>"; };
		781FFCAB1F264E1E003979AD /* Storyboards.swift */ = {isa = PBXFileReference; fileEncoding = 4; lastKnownFileType = sourcecode.swift; path = Storyboards.swift; sourceTree = "<group>"; };
		781FFCAE1F266128003979AD /* UserDefaults.swift */ = {isa = PBXFileReference; fileEncoding = 4; lastKnownFileType = sourcecode.swift; path = UserDefaults.swift; sourceTree = "<group>"; };
		781FFCB11F26635A003979AD /* PlaceModel.swift */ = {isa = PBXFileReference; fileEncoding = 4; lastKnownFileType = sourcecode.swift; path = PlaceModel.swift; sourceTree = "<group>"; };
		78688F451F264AC10014E5F2 /* TestAE.app */ = {isa = PBXFileReference; explicitFileType = wrapper.application; includeInIndex = 0; path = TestAE.app; sourceTree = BUILT_PRODUCTS_DIR; };
		78688F481F264AC10014E5F2 /* AppDelegate.swift */ = {isa = PBXFileReference; lastKnownFileType = sourcecode.swift; path = AppDelegate.swift; sourceTree = "<group>"; };
		78688F4A1F264AC10014E5F2 /* Main.swift */ = {isa = PBXFileReference; lastKnownFileType = sourcecode.swift; path = Main.swift; sourceTree = "<group>"; };
		78688F4D1F264AC20014E5F2 /* Base */ = {isa = PBXFileReference; lastKnownFileType = file.storyboard; name = Base; path = Base.lproj/Main.storyboard; sourceTree = "<group>"; };
		78688F4F1F264AC20014E5F2 /* Assets.xcassets */ = {isa = PBXFileReference; lastKnownFileType = folder.assetcatalog; path = Assets.xcassets; sourceTree = "<group>"; };
		78688F521F264AC20014E5F2 /* Base */ = {isa = PBXFileReference; lastKnownFileType = file.storyboard; name = Base; path = Base.lproj/LaunchScreen.storyboard; sourceTree = "<group>"; };
		78688F541F264AC20014E5F2 /* Info.plist */ = {isa = PBXFileReference; lastKnownFileType = text.plist.xml; path = Info.plist; sourceTree = "<group>"; };
		78688F591F264AC20014E5F2 /* TestAETests.xctest */ = {isa = PBXFileReference; explicitFileType = wrapper.cfbundle; includeInIndex = 0; path = TestAETests.xctest; sourceTree = BUILT_PRODUCTS_DIR; };
		78688F5D1F264AC20014E5F2 /* TestAETests.swift */ = {isa = PBXFileReference; lastKnownFileType = sourcecode.swift; path = TestAETests.swift; sourceTree = "<group>"; };
		78688F5F1F264AC20014E5F2 /* Info.plist */ = {isa = PBXFileReference; lastKnownFileType = text.plist.xml; path = Info.plist; sourceTree = "<group>"; };
		8260095DF1E02521EDD18292 /* Pods-TestAETests.release.xcconfig */ = {isa = PBXFileReference; includeInIndex = 1; lastKnownFileType = text.xcconfig; name = "Pods-TestAETests.release.xcconfig"; path = "Pods/Target Support Files/Pods-TestAETests/Pods-TestAETests.release.xcconfig"; sourceTree = "<group>"; };
		B4801A748ED941B96A41178D /* Pods-TestAEUITests.release.xcconfig */ = {isa = PBXFileReference; includeInIndex = 1; lastKnownFileType = text.xcconfig; name = "Pods-TestAEUITests.release.xcconfig"; path = "Pods/Target Support Files/Pods-TestAEUITests/Pods-TestAEUITests.release.xcconfig"; sourceTree = "<group>"; };
		BB9F99C494A61D9EE176E7EF /* Pods-TestAE.release.xcconfig */ = {isa = PBXFileReference; includeInIndex = 1; lastKnownFileType = text.xcconfig; name = "Pods-TestAE.release.xcconfig"; path = "Pods/Target Support Files/Pods-TestAE/Pods-TestAE.release.xcconfig"; sourceTree = "<group>"; };
		EB245E319D476638E1DDEFD4 /* Pods_TestAE.framework */ = {isa = PBXFileReference; explicitFileType = wrapper.framework; includeInIndex = 0; path = Pods_TestAE.framework; sourceTree = BUILT_PRODUCTS_DIR; };
/* End PBXFileReference section */

/* Begin PBXFrameworksBuildPhase section */
		78688F421F264AC10014E5F2 /* Frameworks */ = {
			isa = PBXFrameworksBuildPhase;
			buildActionMask = 2147483647;
			files = (
				1E99749BAC3A92B1A7716161 /* Pods_TestAE.framework in Frameworks */,
			);
			runOnlyForDeploymentPostprocessing = 0;
		};
		78688F561F264AC20014E5F2 /* Frameworks */ = {
			isa = PBXFrameworksBuildPhase;
			buildActionMask = 2147483647;
			files = (
				93580A5447A496802D06DD1E /* Pods_TestAETests.framework in Frameworks */,
			);
			runOnlyForDeploymentPostprocessing = 0;
		};
/* End PBXFrameworksBuildPhase section */

/* Begin PBXGroup section */
		35D69B335EBF1620E1F557B5 /* Frameworks */ = {
			isa = PBXGroup;
			children = (
				EB245E319D476638E1DDEFD4 /* Pods_TestAE.framework */,
				25A7E57C5B59CAA27CA09226 /* Pods_TestAETests.framework */,
				36BC7CAF59F98E615CD6F60A /* Pods_TestAEUITests.framework */,
			);
			name = Frameworks;
			sourceTree = "<group>";
		};
		3C1378A6F36E6420F95EE0D9 /* Pods */ = {
			isa = PBXGroup;
			children = (
				136AA87A8230C56C365F1BF0 /* Pods-TestAE.debug.xcconfig */,
				BB9F99C494A61D9EE176E7EF /* Pods-TestAE.release.xcconfig */,
				6752B5F647CE14A04B0C74FB /* Pods-TestAETests.debug.xcconfig */,
				8260095DF1E02521EDD18292 /* Pods-TestAETests.release.xcconfig */,
				5ABFA4AB9B63E528FA4D544E /* Pods-TestAEUITests.debug.xcconfig */,
				B4801A748ED941B96A41178D /* Pods-TestAEUITests.release.xcconfig */,
			);
			name = Pods;
			sourceTree = "<group>";
		};
		7802D6AB1F27365D002E9B49 /* Server */ = {
			isa = PBXGroup;
			children = (
				7802D6AC1F273669002E9B49 /* Server.swift */,
			);
			name = Server;
			sourceTree = "<group>";
		};
		781FFCA81F264DD5003979AD /* Global */ = {
			isa = PBXGroup;
			children = (
				781FFCB01F26634E003979AD /* Models */,
				781FFCAA1F264E1E003979AD /* Functions.swift */,
				781FFCAB1F264E1E003979AD /* Storyboards.swift */,
				781FFCAE1F266128003979AD /* UserDefaults.swift */,
			);
			name = Global;
			sourceTree = "<group>";
		};
		781FFCB01F26634E003979AD /* Models */ = {
			isa = PBXGroup;
			children = (
				781FFCB11F26635A003979AD /* PlaceModel.swift */,
				7802D6A91F272A34002E9B49 /* RouteModel.swift */,
			);
			name = Models;
			sourceTree = "<group>";
		};
		78688F3C1F264AC10014E5F2 = {
			isa = PBXGroup;
			children = (
				78688F471F264AC10014E5F2 /* TestAE */,
				78688F5C1F264AC20014E5F2 /* TestAETests */,
				78688F461F264AC10014E5F2 /* Products */,
				3C1378A6F36E6420F95EE0D9 /* Pods */,
				35D69B335EBF1620E1F557B5 /* Frameworks */,
			);
			sourceTree = "<group>";
		};
		78688F461F264AC10014E5F2 /* Products */ = {
			isa = PBXGroup;
			children = (
				78688F451F264AC10014E5F2 /* TestAE.app */,
				78688F591F264AC20014E5F2 /* TestAETests.xctest */,
			);
			name = Products;
			sourceTree = "<group>";
		};
		78688F471F264AC10014E5F2 /* TestAE */ = {
			isa = PBXGroup;
			children = (
				781FFCA81F264DD5003979AD /* Global */,
				7802D6AB1F27365D002E9B49 /* Server */,
				78688F771F264AE70014E5F2 /* Main */,
				78688F761F264ADF0014E5F2 /* Other */,
			);
			path = TestAE;
			sourceTree = "<group>";
		};
		78688F5C1F264AC20014E5F2 /* TestAETests */ = {
			isa = PBXGroup;
			children = (
				78688F5D1F264AC20014E5F2 /* TestAETests.swift */,
				78688F5F1F264AC20014E5F2 /* Info.plist */,
			);
			path = TestAETests;
			sourceTree = "<group>";
		};
		78688F761F264ADF0014E5F2 /* Other */ = {
			isa = PBXGroup;
			children = (
				78688F481F264AC10014E5F2 /* AppDelegate.swift */,
				78688F4F1F264AC20014E5F2 /* Assets.xcassets */,
				78688F511F264AC20014E5F2 /* LaunchScreen.storyboard */,
				78688F541F264AC20014E5F2 /* Info.plist */,
			);
			name = Other;
			sourceTree = "<group>";
		};
		78688F771F264AE70014E5F2 /* Main */ = {
			isa = PBXGroup;
			children = (
				78688F4C1F264AC20014E5F2 /* Main.storyboard */,
				78688F4A1F264AC10014E5F2 /* Main.swift */,
			);
			name = Main;
			sourceTree = "<group>";
		};
/* End PBXGroup section */

/* Begin PBXNativeTarget section */
		78688F441F264AC10014E5F2 /* TestAE */ = {
			isa = PBXNativeTarget;
			buildConfigurationList = 78688F6D1F264AC20014E5F2 /* Build configuration list for PBXNativeTarget "TestAE" */;
			buildPhases = (
				81D2E7BF4B1F31D40684B19D /* [CP] Check Pods Manifest.lock */,
				781FFCA91F264DE2003979AD /* ShellScript */,
				78688F411F264AC10014E5F2 /* Sources */,
				78688F421F264AC10014E5F2 /* Frameworks */,
				78688F431F264AC10014E5F2 /* Resources */,
				BAC567147CC3E3BD55BF0802 /* [CP] Embed Pods Frameworks */,
				E340704B2902283D78248F17 /* [CP] Copy Pods Resources */,
			);
			buildRules = (
			);
			dependencies = (
			);
			name = TestAE;
			productName = TestAE;
			productReference = 78688F451F264AC10014E5F2 /* TestAE.app */;
			productType = "com.apple.product-type.application";
		};
		78688F581F264AC20014E5F2 /* TestAETests */ = {
			isa = PBXNativeTarget;
			buildConfigurationList = 78688F701F264AC20014E5F2 /* Build configuration list for PBXNativeTarget "TestAETests" */;
			buildPhases = (
				C74EC616D4F56FE59FFAA094 /* [CP] Check Pods Manifest.lock */,
				78688F551F264AC20014E5F2 /* Sources */,
				78688F561F264AC20014E5F2 /* Frameworks */,
				78688F571F264AC20014E5F2 /* Resources */,
				E18FE57EC7F3F1796EE2D051 /* [CP] Embed Pods Frameworks */,
				8338E91480E1ADB9F9F48A89 /* [CP] Copy Pods Resources */,
			);
			buildRules = (
			);
			dependencies = (
				78688F5B1F264AC20014E5F2 /* PBXTargetDependency */,
			);
			name = TestAETests;
			productName = TestAETests;
			productReference = 78688F591F264AC20014E5F2 /* TestAETests.xctest */;
			productType = "com.apple.product-type.bundle.unit-test";
		};
/* End PBXNativeTarget section */

/* Begin PBXProject section */
		78688F3D1F264AC10014E5F2 /* Project object */ = {
			isa = PBXProject;
			attributes = {
				LastSwiftUpdateCheck = 0830;
				LastUpgradeCheck = 0830;
				ORGANIZATIONNAME = "Dima Gubatenko";
				TargetAttributes = {
					78688F441F264AC10014E5F2 = {
						CreatedOnToolsVersion = 8.3.3;
						ProvisioningStyle = Manual;
					};
					78688F581F264AC20014E5F2 = {
						CreatedOnToolsVersion = 8.3.3;
						ProvisioningStyle = Automatic;
						TestTargetID = 78688F441F264AC10014E5F2;
					};
				};
			};
			buildConfigurationList = 78688F401F264AC10014E5F2 /* Build configuration list for PBXProject "TestAE" */;
			compatibilityVersion = "Xcode 3.2";
			developmentRegion = English;
			hasScannedForEncodings = 0;
			knownRegions = (
				en,
				Base,
			);
			mainGroup = 78688F3C1F264AC10014E5F2;
			productRefGroup = 78688F461F264AC10014E5F2 /* Products */;
			projectDirPath = "";
			projectRoot = "";
			targets = (
				78688F441F264AC10014E5F2 /* TestAE */,
				78688F581F264AC20014E5F2 /* TestAETests */,
			);
		};
/* End PBXProject section */

/* Begin PBXResourcesBuildPhase section */
		78688F431F264AC10014E5F2 /* Resources */ = {
			isa = PBXResourcesBuildPhase;
			buildActionMask = 2147483647;
			files = (
				78688F531F264AC20014E5F2 /* LaunchScreen.storyboard in Resources */,
				78688F501F264AC20014E5F2 /* Assets.xcassets in Resources */,
				78688F4E1F264AC20014E5F2 /* Main.storyboard in Resources */,
			);
			runOnlyForDeploymentPostprocessing = 0;
		};
		78688F571F264AC20014E5F2 /* Resources */ = {
			isa = PBXResourcesBuildPhase;
			buildActionMask = 2147483647;
			files = (
			);
			runOnlyForDeploymentPostprocessing = 0;
		};
/* End PBXResourcesBuildPhase section */

/* Begin PBXShellScriptBuildPhase section */
		781FFCA91F264DE2003979AD /* ShellScript */ = {
			isa = PBXShellScriptBuildPhase;
			buildActionMask = 2147483647;
			files = (
			);
			inputPaths = (
			);
			outputPaths = (
			);
			runOnlyForDeploymentPostprocessing = 0;
			shellPath = /bin/sh;
			shellScript = "\"${PODS_ROOT}/SwiftLint/swiftlint\"";
		};
		81D2E7BF4B1F31D40684B19D /* [CP] Check Pods Manifest.lock */ = {
			isa = PBXShellScriptBuildPhase;
			buildActionMask = 2147483647;
			files = (
			);
			inputPaths = (
			);
			name = "[CP] Check Pods Manifest.lock";
			outputPaths = (
			);
			runOnlyForDeploymentPostprocessing = 0;
			shellPath = /bin/sh;
			shellScript = "diff \"${PODS_PODFILE_DIR_PATH}/Podfile.lock\" \"${PODS_ROOT}/Manifest.lock\" > /dev/null\nif [ $? != 0 ] ; then\n    # print error to STDERR\n    echo \"error: The sandbox is not in sync with the Podfile.lock. Run 'pod install' or update your CocoaPods installation.\" >&2\n    exit 1\nfi\n";
			showEnvVarsInLog = 0;
		};
		8338E91480E1ADB9F9F48A89 /* [CP] Copy Pods Resources */ = {
			isa = PBXShellScriptBuildPhase;
			buildActionMask = 2147483647;
			files = (
			);
			inputPaths = (
			);
			name = "[CP] Copy Pods Resources";
			outputPaths = (
			);
			runOnlyForDeploymentPostprocessing = 0;
			shellPath = /bin/sh;
			shellScript = "\"${SRCROOT}/Pods/Target Support Files/Pods-TestAETests/Pods-TestAETests-resources.sh\"\n";
			showEnvVarsInLog = 0;
		};
		BAC567147CC3E3BD55BF0802 /* [CP] Embed Pods Frameworks */ = {
			isa = PBXShellScriptBuildPhase;
			buildActionMask = 2147483647;
			files = (
			);
			inputPaths = (
			);
			name = "[CP] Embed Pods Frameworks";
			outputPaths = (
			);
			runOnlyForDeploymentPostprocessing = 0;
			shellPath = /bin/sh;
			shellScript = "\"${SRCROOT}/Pods/Target Support Files/Pods-TestAE/Pods-TestAE-frameworks.sh\"\n";
			showEnvVarsInLog = 0;
		};
		C74EC616D4F56FE59FFAA094 /* [CP] Check Pods Manifest.lock */ = {
			isa = PBXShellScriptBuildPhase;
			buildActionMask = 2147483647;
			files = (
			);
			inputPaths = (
			);
			name = "[CP] Check Pods Manifest.lock";
			outputPaths = (
			);
			runOnlyForDeploymentPostprocessing = 0;
			shellPath = /bin/sh;
			shellScript = "diff \"${PODS_PODFILE_DIR_PATH}/Podfile.lock\" \"${PODS_ROOT}/Manifest.lock\" > /dev/null\nif [ $? != 0 ] ; then\n    # print error to STDERR\n    echo \"error: The sandbox is not in sync with the Podfile.lock. Run 'pod install' or update your CocoaPods installation.\" >&2\n    exit 1\nfi\n";
			showEnvVarsInLog = 0;
		};
		E18FE57EC7F3F1796EE2D051 /* [CP] Embed Pods Frameworks */ = {
			isa = PBXShellScriptBuildPhase;
			buildActionMask = 2147483647;
			files = (
			);
			inputPaths = (
			);
			name = "[CP] Embed Pods Frameworks";
			outputPaths = (
			);
			runOnlyForDeploymentPostprocessing = 0;
			shellPath = /bin/sh;
			shellScript = "\"${SRCROOT}/Pods/Target Support Files/Pods-TestAETests/Pods-TestAETests-frameworks.sh\"\n";
			showEnvVarsInLog = 0;
		};
		E340704B2902283D78248F17 /* [CP] Copy Pods Resources */ = {
			isa = PBXShellScriptBuildPhase;
			buildActionMask = 2147483647;
			files = (
			);
			inputPaths = (
			);
			name = "[CP] Copy Pods Resources";
			outputPaths = (
			);
			runOnlyForDeploymentPostprocessing = 0;
			shellPath = /bin/sh;
			shellScript = "\"${SRCROOT}/Pods/Target Support Files/Pods-TestAE/Pods-TestAE-resources.sh\"\n";
			showEnvVarsInLog = 0;
		};
/* End PBXShellScriptBuildPhase section */

/* Begin PBXSourcesBuildPhase section */
		78688F411F264AC10014E5F2 /* Sources */ = {
			isa = PBXSourcesBuildPhase;
			buildActionMask = 2147483647;
			files = (
				781FFCAD1F264E1E003979AD /* Storyboards.swift in Sources */,
				781FFCB21F26635A003979AD /* PlaceModel.swift in Sources */,
				781FFCAF1F266128003979AD /* UserDefaults.swift in Sources */,
				78688F4B1F264AC10014E5F2 /* Main.swift in Sources */,
				78688F491F264AC10014E5F2 /* AppDelegate.swift in Sources */,
				7802D6AA1F272A34002E9B49 /* RouteModel.swift in Sources */,
				7802D6AD1F273669002E9B49 /* Server.swift in Sources */,
				781FFCAC1F264E1E003979AD /* Functions.swift in Sources */,
			);
			runOnlyForDeploymentPostprocessing = 0;
		};
		78688F551F264AC20014E5F2 /* Sources */ = {
			isa = PBXSourcesBuildPhase;
			buildActionMask = 2147483647;
			files = (
				78688F5E1F264AC20014E5F2 /* TestAETests.swift in Sources */,
			);
			runOnlyForDeploymentPostprocessing = 0;
		};
/* End PBXSourcesBuildPhase section */

/* Begin PBXTargetDependency section */
		78688F5B1F264AC20014E5F2 /* PBXTargetDependency */ = {
			isa = PBXTargetDependency;
			target = 78688F441F264AC10014E5F2 /* TestAE */;
			targetProxy = 78688F5A1F264AC20014E5F2 /* PBXContainerItemProxy */;
		};
/* End PBXTargetDependency section */

/* Begin PBXVariantGroup section */
		78688F4C1F264AC20014E5F2 /* Main.storyboard */ = {
			isa = PBXVariantGroup;
			children = (
				78688F4D1F264AC20014E5F2 /* Base */,
			);
			name = Main.storyboard;
			sourceTree = "<group>";
		};
		78688F511F264AC20014E5F2 /* LaunchScreen.storyboard */ = {
			isa = PBXVariantGroup;
			children = (
				78688F521F264AC20014E5F2 /* Base */,
			);
			name = LaunchScreen.storyboard;
			sourceTree = "<group>";
		};
/* End PBXVariantGroup section */

/* Begin XCBuildConfiguration section */
		78688F6B1F264AC20014E5F2 /* Debug */ = {
			isa = XCBuildConfiguration;
			buildSettings = {
				ALWAYS_SEARCH_USER_PATHS = NO;
				CLANG_ANALYZER_NONNULL = YES;
				CLANG_ANALYZER_NUMBER_OBJECT_CONVERSION = YES_AGGRESSIVE;
				CLANG_CXX_LANGUAGE_STANDARD = "gnu++0x";
				CLANG_CXX_LIBRARY = "libc++";
				CLANG_ENABLE_MODULES = YES;
				CLANG_ENABLE_OBJC_ARC = YES;
				CLANG_WARN_BOOL_CONVERSION = YES;
				CLANG_WARN_CONSTANT_CONVERSION = YES;
				CLANG_WARN_DIRECT_OBJC_ISA_USAGE = YES_ERROR;
				CLANG_WARN_DOCUMENTATION_COMMENTS = YES;
				CLANG_WARN_EMPTY_BODY = YES;
				CLANG_WARN_ENUM_CONVERSION = YES;
				CLANG_WARN_INFINITE_RECURSION = YES;
				CLANG_WARN_INT_CONVERSION = YES;
				CLANG_WARN_OBJC_ROOT_CLASS = YES_ERROR;
				CLANG_WARN_SUSPICIOUS_MOVE = YES;
				CLANG_WARN_UNREACHABLE_CODE = YES;
				CLANG_WARN__DUPLICATE_METHOD_MATCH = YES;
				"CODE_SIGN_IDENTITY[sdk=iphoneos*]" = "iPhone Developer";
				COPY_PHASE_STRIP = NO;
				DEBUG_INFORMATION_FORMAT = dwarf;
				ENABLE_STRICT_OBJC_MSGSEND = YES;
				ENABLE_TESTABILITY = YES;
				GCC_C_LANGUAGE_STANDARD = gnu99;
				GCC_DYNAMIC_NO_PIC = NO;
				GCC_NO_COMMON_BLOCKS = YES;
				GCC_OPTIMIZATION_LEVEL = 0;
				GCC_PREPROCESSOR_DEFINITIONS = (
					"DEBUG=1",
					"$(inherited)",
				);
				GCC_WARN_64_TO_32_BIT_CONVERSION = YES;
				GCC_WARN_ABOUT_RETURN_TYPE = YES_ERROR;
				GCC_WARN_UNDECLARED_SELECTOR = YES;
				GCC_WARN_UNINITIALIZED_AUTOS = YES_AGGRESSIVE;
				GCC_WARN_UNUSED_FUNCTION = YES;
				GCC_WARN_UNUSED_VARIABLE = YES;
				IPHONEOS_DEPLOYMENT_TARGET = 10.3;
				MTL_ENABLE_DEBUG_INFO = YES;
				ONLY_ACTIVE_ARCH = YES;
				SDKROOT = iphoneos;
				SWIFT_ACTIVE_COMPILATION_CONDITIONS = DEBUG;
				SWIFT_OPTIMIZATION_LEVEL = "-Onone";
			};
			name = Debug;
		};
		78688F6C1F264AC20014E5F2 /* Release */ = {
			isa = XCBuildConfiguration;
			buildSettings = {
				ALWAYS_SEARCH_USER_PATHS = NO;
				CLANG_ANALYZER_NONNULL = YES;
				CLANG_ANALYZER_NUMBER_OBJECT_CONVERSION = YES_AGGRESSIVE;
				CLANG_CXX_LANGUAGE_STANDARD = "gnu++0x";
				CLANG_CXX_LIBRARY = "libc++";
				CLANG_ENABLE_MODULES = YES;
				CLANG_ENABLE_OBJC_ARC = YES;
				CLANG_WARN_BOOL_CONVERSION = YES;
				CLANG_WARN_CONSTANT_CONVERSION = YES;
				CLANG_WARN_DIRECT_OBJC_ISA_USAGE = YES_ERROR;
				CLANG_WARN_DOCUMENTATION_COMMENTS = YES;
				CLANG_WARN_EMPTY_BODY = YES;
				CLANG_WARN_ENUM_CONVERSION = YES;
				CLANG_WARN_INFINITE_RECURSION = YES;
				CLANG_WARN_INT_CONVERSION = YES;
				CLANG_WARN_OBJC_ROOT_CLASS = YES_ERROR;
				CLANG_WARN_SUSPICIOUS_MOVE = YES;
				CLANG_WARN_UNREACHABLE_CODE = YES;
				CLANG_WARN__DUPLICATE_METHOD_MATCH = YES;
				"CODE_SIGN_IDENTITY[sdk=iphoneos*]" = "iPhone Developer";
				COPY_PHASE_STRIP = NO;
				DEBUG_INFORMATION_FORMAT = "dwarf-with-dsym";
				ENABLE_NS_ASSERTIONS = NO;
				ENABLE_STRICT_OBJC_MSGSEND = YES;
				GCC_C_LANGUAGE_STANDARD = gnu99;
				GCC_NO_COMMON_BLOCKS = YES;
				GCC_WARN_64_TO_32_BIT_CONVERSION = YES;
				GCC_WARN_ABOUT_RETURN_TYPE = YES_ERROR;
				GCC_WARN_UNDECLARED_SELECTOR = YES;
				GCC_WARN_UNINITIALIZED_AUTOS = YES_AGGRESSIVE;
				GCC_WARN_UNUSED_FUNCTION = YES;
				GCC_WARN_UNUSED_VARIABLE = YES;
				IPHONEOS_DEPLOYMENT_TARGET = 10.3;
				MTL_ENABLE_DEBUG_INFO = NO;
				SDKROOT = iphoneos;
				SWIFT_OPTIMIZATION_LEVEL = "-Owholemodule";
				VALIDATE_PRODUCT = YES;
			};
			name = Release;
		};
		78688F6E1F264AC20014E5F2 /* Debug */ = {
			isa = XCBuildConfiguration;
			baseConfigurationReference = 136AA87A8230C56C365F1BF0 /* Pods-TestAE.debug.xcconfig */;
			buildSettings = {
				ASSETCATALOG_COMPILER_APPICON_NAME = AppIcon;
				DEVELOPMENT_TEAM = "";
				INFOPLIST_FILE = TestAE/Info.plist;
				LD_RUNPATH_SEARCH_PATHS = "$(inherited) @executable_path/Frameworks";
				PRODUCT_BUNDLE_IDENTIFIER = test.ae.TestAE;
				PRODUCT_NAME = "$(TARGET_NAME)";
				PROVISIONING_PROFILE_SPECIFIER = "";
				SWIFT_VERSION = 3.0;
			};
			name = Debug;
		};
		78688F6F1F264AC20014E5F2 /* Release */ = {
			isa = XCBuildConfiguration;
			baseConfigurationReference = BB9F99C494A61D9EE176E7EF /* Pods-TestAE.release.xcconfig */;
			buildSettings = {
				ASSETCATALOG_COMPILER_APPICON_NAME = AppIcon;
				DEVELOPMENT_TEAM = "";
				INFOPLIST_FILE = TestAE/Info.plist;
				LD_RUNPATH_SEARCH_PATHS = "$(inherited) @executable_path/Frameworks";
				PRODUCT_BUNDLE_IDENTIFIER = test.ae.TestAE;
				PRODUCT_NAME = "$(TARGET_NAME)";
				PROVISIONING_PROFILE_SPECIFIER = "";
				SWIFT_VERSION = 3.0;
			};
			name = Release;
		};
		78688F711F264AC20014E5F2 /* Debug */ = {
			isa = XCBuildConfiguration;
			baseConfigurationReference = 6752B5F647CE14A04B0C74FB /* Pods-TestAETests.debug.xcconfig */;
			buildSettings = {
				ALWAYS_EMBED_SWIFT_STANDARD_LIBRARIES = YES;
				BUNDLE_LOADER = "$(TEST_HOST)";
				INFOPLIST_FILE = TestAETests/Info.plist;
				LD_RUNPATH_SEARCH_PATHS = "$(inherited) @executable_path/Frameworks @loader_path/Frameworks";
				PRODUCT_BUNDLE_IDENTIFIER = test.ae.TestAETests;
				PRODUCT_NAME = "$(TARGET_NAME)";
				SWIFT_VERSION = 3.0;
				TEST_HOST = "$(BUILT_PRODUCTS_DIR)/TestAE.app/TestAE";
			};
			name = Debug;
		};
		78688F721F264AC20014E5F2 /* Release */ = {
			isa = XCBuildConfiguration;
			baseConfigurationReference = 8260095DF1E02521EDD18292 /* Pods-TestAETests.release.xcconfig */;
			buildSettings = {
				ALWAYS_EMBED_SWIFT_STANDARD_LIBRARIES = YES;
				BUNDLE_LOADER = "$(TEST_HOST)";
				INFOPLIST_FILE = TestAETests/Info.plist;
				LD_RUNPATH_SEARCH_PATHS = "$(inherited) @executable_path/Frameworks @loader_path/Frameworks";
				PRODUCT_BUNDLE_IDENTIFIER = test.ae.TestAETests;
				PRODUCT_NAME = "$(TARGET_NAME)";
				SWIFT_VERSION = 3.0;
				TEST_HOST = "$(BUILT_PRODUCTS_DIR)/TestAE.app/TestAE";
			};
			name = Release;
		};
/* End XCBuildConfiguration section */

/* Begin XCConfigurationList section */
		78688F401F264AC10014E5F2 /* Build configuration list for PBXProject "TestAE" */ = {
			isa = XCConfigurationList;
			buildConfigurations = (
				78688F6B1F264AC20014E5F2 /* Debug */,
				78688F6C1F264AC20014E5F2 /* Release */,
			);
			defaultConfigurationIsVisible = 0;
			defaultConfigurationName = Release;
		};
		78688F6D1F264AC20014E5F2 /* Build configuration list for PBXNativeTarget "TestAE" */ = {
			isa = XCConfigurationList;
			buildConfigurations = (
				78688F6E1F264AC20014E5F2 /* Debug */,
				78688F6F1F264AC20014E5F2 /* Release */,
			);
			defaultConfigurationIsVisible = 0;
			defaultConfigurationName = Release;
		};
		78688F701F264AC20014E5F2 /* Build configuration list for PBXNativeTarget "TestAETests" */ = {
			isa = XCConfigurationList;
			buildConfigurations = (
				78688F711F264AC20014E5F2 /* Debug */,
				78688F721F264AC20014E5F2 /* Release */,
			);
			defaultConfigurationIsVisible = 0;
			defaultConfigurationName = Release;
		};
/* End XCConfigurationList section */
	};
	rootObject = 78688F3D1F264AC10014E5F2 /* Project object */;
}
